github.com/defenseunicorns/go-oscal v0.6.2 h1:oLkMAJYVMq73Rm+9efcyaKq5SLMditjB6wv7o3XXpq8=
github.com/defenseunicorns/go-oscal v0.6.2/go.mod h1:UHp2yK9ty2mYJDun7oNhbstCq6SAAwP4YGbw9n7uG6o=
github.com/grokify/go-mkdocs v0.3.1 h1:YLezyEwNOYkATcaB1V+8vY6YjnsnPqRKZWESroM5tQs=
github.com/grokify/go-mkdocs v0.3.1/go.mod h1:OfCDn2fyjUB2ibv+MwpE/tmiHPFkPuBa0Jb1t2QL7Oc=
github.com/grokify/mogo v0.70.11 h1:3WoiS6p3pAHjIblcAsp1Kup8oZ/2kPTHtDn6EoH3zoQ=
github.com/grokify/mogo v0.70.11/go.mod h1:DkJV9q6PvVhMBINnryefSjMg14x+HKJ7wZBvlpTXuLY=
golang.org/x/text v0.27.0 h1:4fGWRpyh641NLlecmyl4LOe6yDdfaYNrGb2zdfo4JV4=
golang.org/x/text v0.27.0/go.mod h1:1D28KMCvyooCX9hBiosv5Tz/+YLxj0j7XhWjpSUF7CU=
gopkg.in/check.v1 v0.0.0-20161208181325-20d25e280405 h1:yhCVgyC4o1eVCa2tZl7eS0r+SDo693bJlVdllGtEeKM=
gopkg.in/check.v1 v0.0.0-20161208181325-20d25e280405/go.mod h1:Co6ibVJAznAaIkqp8huTwlJQCZ016jof/cbN4VW5Yz0=
gopkg.in/yaml.v3 v3.0.1 h1:fxVm/GzAzEWqLHuvctI91KS9hhNmmWOoWu0XTYJS7CA=
gopkg.in/yaml.v3 v3.0.1/go.mod h1:K4uyk7z7BCEPqu6E+C64Yfv1cQ7kz7rIZviUmN+EgEM=
